
Microsoft Visual Studio Solution File, Format Version 12.00
# Visual Studio 2013
VisualStudioVersion = 12.0.31101.0
MinimumVisualStudioVersion = 10.0.40219.1
Project("{FAE04EC0-301F-11D3-BF4B-00C04F79EFBC}") = "HouseholdAppliances", "HouseholdAppliances\HouseholdAppliances.csproj", "{CFCFC54A-CFDE-416F-8F8F-2F2D4AA3C977}"
EndProject
Project("{F088123C-0E9E-452A-89E6-6BA2F21D5CAC}") = "HouseholdAppliances.Models", "HouseholdAppliances.Models\HouseholdAppliances.Models.modelproj", "{75C8B8A5-9638-41D5-A384-4276C0B4EA0A}"
EndProject
Project("{FAE04EC0-301F-11D3-BF4B-00C04F79EFBC}") = "UnitTestProject", "UnitTestProject\UnitTestProject.csproj", "{11451367-C3EA-44EE-BB99-A49E571CA86D}"
EndProject
Global
	GlobalSection(SolutionConfigurationPlatforms) = preSolution
		Debug|Any CPU = Debug|Any CPU
		Release|Any CPU = Release|Any CPU
	EndGlobalSection
	GlobalSection(ProjectConfigurationPlatforms) = postSolution
		{CFCFC54A-CFDE-416F-8F8F-2F2D4AA3C977}.Debug|Any CPU.ActiveCfg = Debug|Any CPU
		{CFCFC54A-CFDE-416F-8F8F-2F2D4AA3C977}.Debug|Any CPU.Build.0 = Debug|Any CPU
		{CFCFC54A-CFDE-416F-8F8F-2F2D4AA3C977}.Release|Any CPU.ActiveCfg = Release|Any CPU
		{CFCFC54A-CFDE-416F-8F8F-2F2D4AA3C977}.Release|Any CPU.Build.0 = Release|Any CPU
		{75C8B8A5-9638-41D5-A384-4276C0B4EA0A}.Debug|Any CPU.ActiveCfg = Debug|Any CPU
		{75C8B8A5-9638-41D5-A384-4276C0B4EA0A}.Debug|Any CPU.Build.0 = Debug|Any CPU
		{75C8B8A5-9638-41D5-A384-4276C0B4EA0A}.Release|Any CPU.ActiveCfg = Release|Any CPU
		{75C8B8A5-9638-41D5-A384-4276C0B4EA0A}.Release|Any CPU.Build.0 = Release|Any CPU
		{11451367-C3EA-44EE-BB99-A49E571CA86D}.Debug|Any CPU.ActiveCfg = Debug|Any CPU
		{11451367-C3EA-44EE-BB99-A49E571CA86D}.Debug|Any CPU.Build.0 = Debug|Any CPU
		{11451367-C3EA-44EE-BB99-A49E571CA86D}.Release|Any CPU.ActiveCfg = Release|Any CPU
		{11451367-C3EA-44EE-BB99-A49E571CA86D}.Release|Any CPU.Build.0 = Release|Any CPU
	EndGlobalSection
	GlobalSection(SolutionProperties) = preSolution
		HideSolutionNode = FALSE
	EndGlobalSection
EndGlobal
